Microsoft Visual Studio Solution File, Format Version 11.00
# Visual Studio 2008

Project("{AD55B714-8798-B24B-4C9A-176989289362}") = "MechzordPrototype", "Assembly-CSharp.csproj", "{C42CA4EC-BFA0-54D8-FB0D-60C950841615}"
EndProject
Global
	GlobalSection(SolutionConfigurationPlatforms) = preSolution
		Debug|Any CPU = Debug|Any CPU
		Release|Any CPU = Release|Any CPU
	EndGlobalSection
	GlobalSection(ProjectConfigurationPlatforms) = postSolution
		{C42CA4EC-BFA0-54D8-FB0D-60C950841615}.Debug|Any CPU.ActiveCfg = Debug|Any CPU
		{C42CA4EC-BFA0-54D8-FB0D-60C950841615}.Debug|Any CPU.Build.0 = Debug|Any CPU
		{C42CA4EC-BFA0-54D8-FB0D-60C950841615}.Release|Any CPU.ActiveCfg = Release|Any CPU
		{C42CA4EC-BFA0-54D8-FB0D-60C950841615}.Release|Any CPU.Build.0 = Release|Any CPU
	EndGlobalSection
	GlobalSection(SolutionProperties) = preSolution
		HideSolutionNode = FALSE
	EndGlobalSection
	GlobalSection(MonoDevelopProperties) = preSolution
		StartupItem = Assembly-CSharp.csproj
	EndGlobalSection
EndGlobal
